{
  "name": "wphtml-converter",
  "version": "1.0.0",
  "lockfileVersion": 3,
  "requires": true,
  "packages": {
    "": {
      "name": "wphtml-converter",
      "version": "1.0.0",
      "license": "GPL-3.0-or-later",
      "devDependencies": {
        "@wordpress/block-serialization-spec-parser": "^4.33.0"
      },
      "engines": {
        "node": ">=16.x"
      }
    },
    "node_modules/@wordpress/block-serialization-spec-parser": {
      "version": "4.33.0",
      "resolved": "https://registry.npmjs.org/@wordpress/block-serialization-spec-parser/-/block-serialization-spec-parser-4.33.0.tgz",
      "integrity": "sha512-Bvw3z3KWAK/GS0g2VSTFU4JTVBONi5Vyw8BYnaf3bDJ1JepjezdMZ6666jo7hQ3WEocY4oY4IKeU40xby6OBSQ==",
      "dev": true,
      "dependencies": {
        "pegjs": "^0.10.0",
        "phpegjs": "^1.0.0-beta7"
      },
      "engines": {
        "node": ">=12"
      }
    },
    "node_modules/pegjs": {
      "version": "0.10.0",
      "resolved": "https://registry.npmjs.org/pegjs/-/pegjs-0.10.0.tgz",
      "integrity": "sha512-qI5+oFNEGi3L5HAxDwN2LA4Gg7irF70Zs25edhjld9QemOgp0CbvMtbFcMvFtEo1OityPrcCzkQFB8JP/hxgow==",
      "dev": true,
      "bin": {
        "pegjs": "bin/pegjs"
      },
      "engines": {
        "node": ">=0.10"
      }
    },
    "node_modules/phpegjs": {
      "version": "1.0.0-beta7",
      "resolved": "https://registry.npmjs.org/phpegjs/-/phpegjs-1.0.0-beta7.tgz",
      "integrity": "sha512-SO+NP5argMoJVCWcYiOofPUeEWDIM47FNCBJtp6uJ8PpjtBcudYJTzCbCMit5dzmfSLCoijzEwIXOqPqD45xQg==",
      "dev": true,
      "peerDependencies": {
        "pegjs": "^0.10.0"
      }
    }
  }
}
